<?xml version="1.0" encoding="UTF-8" standalone="yes" ?>
<CodeBlocks_project_file>
	<FileVersion major="1" minor="6" />
	<Project>
		<Option title="Astroid" />
		<Option pch_mode="2" />
		<Option compiler="gcc" />
		<Build>
			<Target title="Debug">
				<Option output="bin/Debug/Astroid" prefix_auto="1" extension_auto="1" />
				<Option object_output="obj/Debug/" />
				<Option type="1" />
				<Option compiler="gcc" />
				<Compiler>
					<Add option="-g" />
					<Add directory="include" />
				</Compiler>
				<Linker>
					<Add library="sfml-graphics-d" />
					<Add library="sfml-window-d" />
					<Add library="sfml-system-d" />
				</Linker>
			</Target>
			<Target title="Release">
				<Option output="bin/Release/Astroid" prefix_auto="1" extension_auto="1" />
				<Option object_output="obj/Release/" />
				<Option type="0" />
				<Option compiler="gcc" />
				<Compiler>
					<Add option="-O2" />
					<Add directory="include" />
				</Compiler>
				<Linker>
					<Add option="-s" />
					<Add library="sfml-graphics" />
					<Add library="sfml-window" />
					<Add library="sfml-system" />
				</Linker>
			</Target>
		</Build>
		<Compiler>
			<Add option="-Wall" />
			<Add option="-std=gnu++17" />
			<Add option="-Wattributes" />
			<Add directory="D:/Programs/SFML/SFML/include" />
			<Add directory="../../../Programs/sqlite/bin" />
		</Compiler>
		<Linker>
			<Add library="libsqlite3.a" />
			<Add directory="D:/Programs/SFML/SFML/lib" />
			<Add directory="../../../Programs/sqlite/bin" />
		</Linker>
		<Unit filename="Lua/Makefile" />
		<Unit filename="Lua/lapi.c">
			<Option compilerVar="CC" />
		</Unit>
		<Unit filename="Lua/lapi.h" />
		<Unit filename="Lua/lauxlib.c">
			<Option compilerVar="CC" />
		</Unit>
		<Unit filename="Lua/lauxlib.h" />
		<Unit filename="Lua/lbaselib.c">
			<Option compilerVar="CC" />
		</Unit>
		<Unit filename="Lua/lbitlib.c">
			<Option compilerVar="CC" />
		</Unit>
		<Unit filename="Lua/lcode.c">
			<Option compilerVar="CC" />
		</Unit>
		<Unit filename="Lua/lcode.h" />
		<Unit filename="Lua/lcorolib.c">
			<Option compilerVar="CC" />
		</Unit>
		<Unit filename="Lua/lctype.c">
			<Option compilerVar="CC" />
		</Unit>
		<Unit filename="Lua/lctype.h" />
		<Unit filename="Lua/ldblib.c">
			<Option compilerVar="CC" />
		</Unit>
		<Unit filename="Lua/ldebug.c">
			<Option compilerVar="CC" />
		</Unit>
		<Unit filename="Lua/ldebug.h" />
		<Unit filename="Lua/ldo.c">
			<Option compilerVar="CC" />
		</Unit>
		<Unit filename="Lua/ldo.h" />
		<Unit filename="Lua/ldump.c">
			<Option compilerVar="CC" />
		</Unit>
		<Unit filename="Lua/lfunc.c">
			<Option compilerVar="CC" />
		</Unit>
		<Unit filename="Lua/lfunc.h" />
		<Unit filename="Lua/lgc.c">
			<Option compilerVar="CC" />
		</Unit>
		<Unit filename="Lua/lgc.h" />
		<Unit filename="Lua/linit.c">
			<Option compilerVar="CC" />
		</Unit>
		<Unit filename="Lua/liolib.c">
			<Option compilerVar="CC" />
		</Unit>
		<Unit filename="Lua/llex.c">
			<Option compilerVar="CC" />
		</Unit>
		<Unit filename="Lua/llex.h" />
		<Unit filename="Lua/llimits.h" />
		<Unit filename="Lua/lmathlib.c">
			<Option compilerVar="CC" />
		</Unit>
		<Unit filename="Lua/lmem.c">
			<Option compilerVar="CC" />
		</Unit>
		<Unit filename="Lua/lmem.h" />
		<Unit filename="Lua/loadlib.c">
			<Option compilerVar="CC" />
		</Unit>
		<Unit filename="Lua/lobject.c">
			<Option compilerVar="CC" />
		</Unit>
		<Unit filename="Lua/lobject.h" />
		<Unit filename="Lua/lopcodes.c">
			<Option compilerVar="CC" />
		</Unit>
		<Unit filename="Lua/lopcodes.h" />
		<Unit filename="Lua/loslib.c">
			<Option compilerVar="CC" />
		</Unit>
		<Unit filename="Lua/lparser.c">
			<Option compilerVar="CC" />
		</Unit>
		<Unit filename="Lua/lparser.h" />
		<Unit filename="Lua/lprefix.h" />
		<Unit filename="Lua/lstate.c">
			<Option compilerVar="CC" />
		</Unit>
		<Unit filename="Lua/lstate.h" />
		<Unit filename="Lua/lstring.c">
			<Option compilerVar="CC" />
		</Unit>
		<Unit filename="Lua/lstring.h" />
		<Unit filename="Lua/lstrlib.c">
			<Option compilerVar="CC" />
		</Unit>
		<Unit filename="Lua/ltable.c">
			<Option compilerVar="CC" />
		</Unit>
		<Unit filename="Lua/ltable.h" />
		<Unit filename="Lua/ltablib.c">
			<Option compilerVar="CC" />
		</Unit>
		<Unit filename="Lua/ltm.c">
			<Option compilerVar="CC" />
		</Unit>
		<Unit filename="Lua/ltm.h" />
		<Unit filename="Lua/lua.h" />
		<Unit filename="Lua/lua.hpp" />
		<Unit filename="Lua/luaconf.h" />
		<Unit filename="Lua/lualib.h" />
		<Unit filename="Lua/lundump.c">
			<Option compilerVar="CC" />
		</Unit>
		<Unit filename="Lua/lundump.h" />
		<Unit filename="Lua/lutf8lib.c">
			<Option compilerVar="CC" />
		</Unit>
		<Unit filename="Lua/lvm.c">
			<Option compilerVar="CC" />
		</Unit>
		<Unit filename="Lua/lvm.h" />
		<Unit filename="Lua/lzio.c">
			<Option compilerVar="CC" />
		</Unit>
		<Unit filename="Lua/lzio.h" />
		<Unit filename="include/Armor.hpp" />
		<Unit filename="include/Aura.hpp" />
		<Unit filename="include/Auras.hpp" />
		<Unit filename="include/BackGround.hpp" />
		<Unit filename="include/CollisionObject.hpp" />
		<Unit filename="include/Cruiser.hpp" />
		<Unit filename="include/DataBase.hpp" />
		<Unit filename="include/Enemy.hpp" />
		<Unit filename="include/GameObject.hpp" />
		<Unit filename="include/GameObjectManager.hpp" />
		<Unit filename="include/Gun.hpp" />
		<Unit filename="include/Health.hpp" />
		<Unit filename="include/IntroState.hpp" />
		<Unit filename="include/MassEngine.hpp" />
		<Unit filename="include/MenuState.hpp" />
		<Unit filename="include/Missile.hpp" />
		<Unit filename="include/MissileLauncher.hpp" />
		<Unit filename="include/PlayState.hpp" />
		<Unit filename="include/Player.hpp" />
		<Unit filename="include/QuadTree.hpp" />
		<Unit filename="include/Radar.hpp" />
		<Unit filename="include/RandomNeuron.hpp" />
		<Unit filename="include/Script.hpp" />
		<Unit filename="include/Shield.hpp" />
		<Unit filename="include/Ship.hpp" />
		<Unit filename="include/Shot.hpp" />
		<Unit filename="include/State.hpp" />
		<Unit filename="include/StateMachine.hpp" />
		<Unit filename="include/Status.hpp" />
		<Unit filename="include/TileMap.hpp" />
		<Unit filename="include/Visibility.hpp" />
		<Unit filename="include/WeaponEmplacement.hpp" />
		<Unit filename="include/WeaponSystem.hpp" />
		<Unit filename="include/WeaponSystemWithFeedback.hpp" />
		<Unit filename="include/neuralnetwork.hpp" />
		<Unit filename="include/neuron.hpp" />
		<Unit filename="include/sigmoid.hpp" />
		<Unit filename="include/sqlite3.h" />
		<Unit filename="include/stepneuron.hpp" />
		<Unit filename="src/Armor.cpp" />
		<Unit filename="src/Aura.cpp" />
		<Unit filename="src/Auras.cpp" />
		<Unit filename="src/BackGround.cpp" />
		<Unit filename="src/Cruiser.cpp" />
		<Unit filename="src/DataBase.cpp" />
		<Unit filename="src/Enemy.cpp" />
		<Unit filename="src/GameObject.cpp" />
		<Unit filename="src/GameObjectManager.cpp" />
		<Unit filename="src/Gun.cpp" />
		<Unit filename="src/Health.cpp" />
		<Unit filename="src/IntroState.cpp" />
		<Unit filename="src/MassEngine.cpp" />
		<Unit filename="src/MenuState.cpp" />
		<Unit filename="src/Missile.cpp" />
		<Unit filename="src/MissileLauncher.cpp" />
		<Unit filename="src/PlayState.cpp" />
		<Unit filename="src/Player.cpp" />
		<Unit filename="src/QuadTree.cpp" />
		<Unit filename="src/Radar.cpp" />
		<Unit filename="src/RandomNeuron.cpp" />
		<Unit filename="src/Script.cpp" />
		<Unit filename="src/Shield.cpp" />
		<Unit filename="src/Ship.cpp" />
		<Unit filename="src/Shot.cpp" />
		<Unit filename="src/State.cpp" />
		<Unit filename="src/StateMachine.cpp" />
		<Unit filename="src/TileMap.cpp" />
		<Unit filename="src/Visibility.cpp" />
		<Unit filename="src/WeaponEmplacement.cpp" />
		<Unit filename="src/WeaponSystem.cpp" />
		<Unit filename="src/WeaponSystemWithFeedback.cpp" />
		<Unit filename="src/main.cpp" />
		<Unit filename="src/neuralnetwork.cpp" />
		<Unit filename="src/neuron.cpp" />
		<Unit filename="src/sigmoid.cpp" />
		<Unit filename="src/stepneuron.cpp" />
		<Extensions>
			<code_completion />
			<envvars />
			<debugger />
		</Extensions>
	</Project>
</CodeBlocks_project_file>
