<?xml version="1.0" encoding="UTF-8" standalone="yes" ?>
<CodeBlocks_project_file>
	<FileVersion major="1" minor="6" />
	<Project>
		<Option title="Astroid" />
		<Option pch_mode="2" />
		<Option compiler="gcc" />
		<Build>
			<Target title="Debug">
				<Option output="bin/Debug/Astroid" prefix_auto="1" extension_auto="1" />
				<Option object_output="obj/Debug/" />
				<Option type="1" />
				<Option compiler="gcc" />
				<Compiler>
					<Add option="-g" />
					<Add directory="include" />
				</Compiler>
				<Linker>
					<Add library="sfml-graphics-d" />
					<Add library="sfml-window-d" />
					<Add library="sfml-system-d" />
				</Linker>
			</Target>
			<Target title="Release">
				<Option output="bin/Release/Astroid" prefix_auto="1" extension_auto="1" />
				<Option object_output="obj/Release/" />
				<Option type="0" />
				<Option compiler="gcc" />
				<Compiler>
					<Add option="-O2" />
					<Add directory="include" />
				</Compiler>
				<Linker>
					<Add option="-s" />
					<Add library="sfml-graphics" />
					<Add library="sfml-window" />
					<Add library="sfml-system" />
				</Linker>
			</Target>
		</Build>
		<Compiler>
			<Add option="-Wall" />
			<Add option="-std=c++1z" />
			<Add option="-std=gnu++17" />
			<Add option="-Wattributes" />
			<Add directory="D:/Programs/SFML/SFML/include" />
			<Add directory="../../../Programs/sqlite/bin" />
		</Compiler>
		<Linker>
			<Add library="libsqlite3.a" />
			<Add directory="D:/Programs/SFML/SFML/lib" />
			<Add directory="../../../Programs/sqlite/bin" />
		</Linker>
		<Unit filename="Lua/Luna.hpp">
			<Option target="Debug" />
		</Unit>
		<Unit filename="Lua/Lunar.hpp">
			<Option target="Debug" />
		</Unit>
		<Unit filename="Lua/lapi.c">
			<Option compilerVar="CC" />
			<Option target="Debug" />
		</Unit>
		<Unit filename="Lua/lapi.h">
			<Option target="Debug" />
		</Unit>
		<Unit filename="Lua/lauxlib.c">
			<Option compilerVar="CC" />
			<Option target="Debug" />
		</Unit>
		<Unit filename="Lua/lauxlib.h">
			<Option target="Debug" />
		</Unit>
		<Unit filename="Lua/lbaselib.c">
			<Option compilerVar="CC" />
			<Option target="Debug" />
		</Unit>
		<Unit filename="Lua/lbitlib.c">
			<Option compilerVar="CC" />
			<Option target="Debug" />
		</Unit>
		<Unit filename="Lua/lcode.c">
			<Option compilerVar="CC" />
			<Option target="Debug" />
		</Unit>
		<Unit filename="Lua/lcode.h">
			<Option target="Debug" />
		</Unit>
		<Unit filename="Lua/lcorolib.c">
			<Option compilerVar="CC" />
			<Option target="Debug" />
		</Unit>
		<Unit filename="Lua/lctype.c">
			<Option compilerVar="CC" />
			<Option target="Debug" />
		</Unit>
		<Unit filename="Lua/lctype.h">
			<Option target="Debug" />
		</Unit>
		<Unit filename="Lua/ldblib.c">
			<Option compilerVar="CC" />
			<Option target="Debug" />
		</Unit>
		<Unit filename="Lua/ldebug.c">
			<Option compilerVar="CC" />
			<Option target="Debug" />
		</Unit>
		<Unit filename="Lua/ldebug.h">
			<Option target="Debug" />
		</Unit>
		<Unit filename="Lua/ldo.c">
			<Option compilerVar="CC" />
			<Option target="Debug" />
		</Unit>
		<Unit filename="Lua/ldo.h">
			<Option target="Debug" />
		</Unit>
		<Unit filename="Lua/ldump.c">
			<Option compilerVar="CC" />
			<Option target="Debug" />
		</Unit>
		<Unit filename="Lua/lfunc.c">
			<Option compilerVar="CC" />
			<Option target="Debug" />
		</Unit>
		<Unit filename="Lua/lfunc.h">
			<Option target="Debug" />
		</Unit>
		<Unit filename="Lua/lgc.c">
			<Option compilerVar="CC" />
			<Option target="Debug" />
		</Unit>
		<Unit filename="Lua/lgc.h">
			<Option target="Debug" />
		</Unit>
		<Unit filename="Lua/linit.c">
			<Option compilerVar="CC" />
			<Option target="Debug" />
		</Unit>
		<Unit filename="Lua/liolib.c">
			<Option compilerVar="CC" />
			<Option target="Debug" />
		</Unit>
		<Unit filename="Lua/llex.c">
			<Option compilerVar="CC" />
			<Option target="Debug" />
		</Unit>
		<Unit filename="Lua/llex.h">
			<Option target="Debug" />
		</Unit>
		<Unit filename="Lua/llimits.h">
			<Option target="Debug" />
		</Unit>
		<Unit filename="Lua/lmathlib.c">
			<Option compilerVar="CC" />
			<Option target="Debug" />
		</Unit>
		<Unit filename="Lua/lmem.c">
			<Option compilerVar="CC" />
			<Option target="Debug" />
		</Unit>
		<Unit filename="Lua/lmem.h">
			<Option target="Debug" />
		</Unit>
		<Unit filename="Lua/loadlib.c">
			<Option compilerVar="CC" />
			<Option target="Debug" />
		</Unit>
		<Unit filename="Lua/lobject.c">
			<Option compilerVar="CC" />
			<Option target="Debug" />
		</Unit>
		<Unit filename="Lua/lobject.h">
			<Option target="Debug" />
		</Unit>
		<Unit filename="Lua/lopcodes.c">
			<Option compilerVar="CC" />
			<Option target="Debug" />
		</Unit>
		<Unit filename="Lua/lopcodes.h">
			<Option target="Debug" />
		</Unit>
		<Unit filename="Lua/loslib.c">
			<Option compilerVar="CC" />
			<Option target="Debug" />
		</Unit>
		<Unit filename="Lua/lparser.c">
			<Option compilerVar="CC" />
			<Option target="Debug" />
		</Unit>
		<Unit filename="Lua/lparser.h">
			<Option target="Debug" />
		</Unit>
		<Unit filename="Lua/lprefix.h">
			<Option target="Debug" />
		</Unit>
		<Unit filename="Lua/lstate.c">
			<Option compilerVar="CC" />
			<Option target="Debug" />
		</Unit>
		<Unit filename="Lua/lstate.h">
			<Option target="Debug" />
		</Unit>
		<Unit filename="Lua/lstring.c">
			<Option compilerVar="CC" />
			<Option target="Debug" />
		</Unit>
		<Unit filename="Lua/lstring.h">
			<Option target="Debug" />
		</Unit>
		<Unit filename="Lua/lstrlib.c">
			<Option compilerVar="CC" />
			<Option target="Debug" />
		</Unit>
		<Unit filename="Lua/ltable.c">
			<Option compilerVar="CC" />
			<Option target="Debug" />
		</Unit>
		<Unit filename="Lua/ltable.h">
			<Option target="Debug" />
		</Unit>
		<Unit filename="Lua/ltablib.c">
			<Option compilerVar="CC" />
			<Option target="Debug" />
		</Unit>
		<Unit filename="Lua/ltm.c">
			<Option compilerVar="CC" />
			<Option target="Debug" />
		</Unit>
		<Unit filename="Lua/ltm.h">
			<Option target="Debug" />
		</Unit>
		<Unit filename="Lua/lua.h">
			<Option target="Debug" />
		</Unit>
		<Unit filename="Lua/lua.hpp">
			<Option target="Debug" />
		</Unit>
		<Unit filename="Lua/luaconf.h">
			<Option target="Debug" />
		</Unit>
		<Unit filename="Lua/luak.hpp" />
		<Unit filename="Lua/lualib.h">
			<Option target="Debug" />
		</Unit>
		<Unit filename="Lua/lundump.c">
			<Option compilerVar="CC" />
			<Option target="Debug" />
		</Unit>
		<Unit filename="Lua/lundump.h">
			<Option target="Debug" />
		</Unit>
		<Unit filename="Lua/lutf8lib.c">
			<Option compilerVar="CC" />
			<Option target="Debug" />
		</Unit>
		<Unit filename="Lua/lvm.c">
			<Option compilerVar="CC" />
			<Option target="Debug" />
		</Unit>
		<Unit filename="Lua/lvm.h">
			<Option target="Debug" />
		</Unit>
		<Unit filename="Lua/lzio.c">
			<Option compilerVar="CC" />
			<Option target="Debug" />
		</Unit>
		<Unit filename="Lua/lzio.h">
			<Option target="Debug" />
		</Unit>
		<Unit filename="Scripts/SpaceCombatFirst.lua">
			<Option target="Debug" />
		</Unit>
		<Unit filename="Scripts/default.lua">
			<Option target="Debug" />
		</Unit>
		<Unit filename="include/Armor.hpp">
			<Option target="Debug" />
		</Unit>
		<Unit filename="include/Aura.hpp">
			<Option target="Debug" />
		</Unit>
		<Unit filename="include/Auras.hpp">
			<Option target="Debug" />
		</Unit>
		<Unit filename="include/BackGround.hpp">
			<Option target="Debug" />
		</Unit>
		<Unit filename="include/CollisionObject.hpp">
			<Option target="Debug" />
		</Unit>
		<Unit filename="include/Cruiser.hpp">
			<Option target="Debug" />
		</Unit>
		<Unit filename="include/DataBase.hpp">
			<Option target="Debug" />
		</Unit>
		<Unit filename="include/Enemy.hpp">
			<Option target="Debug" />
		</Unit>
		<Unit filename="include/GameObject.hpp">
			<Option target="Debug" />
		</Unit>
		<Unit filename="include/GameObjectManager.hpp">
			<Option target="Debug" />
		</Unit>
		<Unit filename="include/Gun.hpp">
			<Option target="Debug" />
		</Unit>
		<Unit filename="include/Health.hpp">
			<Option target="Debug" />
		</Unit>
		<Unit filename="include/IntroState.hpp">
			<Option target="Debug" />
		</Unit>
		<Unit filename="include/MassEngine.hpp">
			<Option target="Debug" />
		</Unit>
		<Unit filename="include/MenuState.hpp">
			<Option target="Debug" />
		</Unit>
		<Unit filename="include/Missile.hpp">
			<Option target="Debug" />
		</Unit>
		<Unit filename="include/MissileLauncher.hpp">
			<Option target="Debug" />
		</Unit>
		<Unit filename="include/Player.hpp">
			<Option target="Debug" />
		</Unit>
		<Unit filename="include/QuadTree.hpp">
			<Option target="Debug" />
		</Unit>
		<Unit filename="include/Radar.hpp">
			<Option target="Debug" />
		</Unit>
		<Unit filename="include/RandomNeuron.hpp">
			<Option target="Debug" />
		</Unit>
		<Unit filename="include/Script.hpp">
			<Option target="Debug" />
		</Unit>
		<Unit filename="include/Shield.hpp">
			<Option target="Debug" />
		</Unit>
		<Unit filename="include/Ship.hpp">
			<Option target="Debug" />
		</Unit>
		<Unit filename="include/Shot.hpp">
			<Option target="Debug" />
		</Unit>
		<Unit filename="include/SpaceCombatState.hpp">
			<Option target="Debug" />
		</Unit>
		<Unit filename="include/State.hpp">
			<Option target="Debug" />
		</Unit>
		<Unit filename="include/StateMachine.hpp">
			<Option target="Debug" />
		</Unit>
		<Unit filename="include/TileMap.hpp">
			<Option target="Debug" />
		</Unit>
		<Unit filename="include/Visibility.hpp">
			<Option target="Debug" />
		</Unit>
		<Unit filename="include/WeaponEmplacement.hpp">
			<Option target="Debug" />
		</Unit>
		<Unit filename="include/WeaponSystem.hpp">
			<Option target="Debug" />
		</Unit>
		<Unit filename="include/WeaponSystemWithFeedback.hpp">
			<Option target="Debug" />
		</Unit>
		<Unit filename="include/neuralnetwork.hpp">
			<Option target="Debug" />
		</Unit>
		<Unit filename="include/neuron.hpp">
			<Option target="Debug" />
		</Unit>
		<Unit filename="include/sigmoid.hpp">
			<Option target="Debug" />
		</Unit>
		<Unit filename="include/sqlite3.h">
			<Option target="Debug" />
		</Unit>
		<Unit filename="include/stepneuron.hpp">
			<Option target="Debug" />
		</Unit>
		<Unit filename="src/Armor.cpp">
			<Option target="Debug" />
		</Unit>
		<Unit filename="src/Aura.cpp">
			<Option target="Debug" />
		</Unit>
		<Unit filename="src/Auras.cpp">
			<Option target="Debug" />
		</Unit>
		<Unit filename="src/BackGround.cpp">
			<Option target="Debug" />
		</Unit>
		<Unit filename="src/Cruiser.cpp">
			<Option target="Debug" />
		</Unit>
		<Unit filename="src/DataBase.cpp">
			<Option target="Debug" />
		</Unit>
		<Unit filename="src/Enemy.cpp">
			<Option target="Debug" />
		</Unit>
		<Unit filename="src/GameObject.cpp">
			<Option target="Debug" />
		</Unit>
		<Unit filename="src/GameObjectManager.cpp">
			<Option target="Debug" />
		</Unit>
		<Unit filename="src/Gun.cpp">
			<Option target="Debug" />
		</Unit>
		<Unit filename="src/Health.cpp">
			<Option target="Debug" />
		</Unit>
		<Unit filename="src/IntroState.cpp">
			<Option target="Debug" />
		</Unit>
		<Unit filename="src/MassEngine.cpp">
			<Option target="Debug" />
		</Unit>
		<Unit filename="src/MenuState.cpp">
			<Option target="Debug" />
		</Unit>
		<Unit filename="src/Missile.cpp">
			<Option target="Debug" />
		</Unit>
		<Unit filename="src/MissileLauncher.cpp">
			<Option target="Debug" />
		</Unit>
		<Unit filename="src/Player.cpp">
			<Option target="Debug" />
		</Unit>
		<Unit filename="src/QuadTree.cpp">
			<Option target="Debug" />
		</Unit>
		<Unit filename="src/Radar.cpp">
			<Option target="Debug" />
		</Unit>
		<Unit filename="src/RandomNeuron.cpp">
			<Option target="Debug" />
		</Unit>
		<Unit filename="src/Script.cpp">
			<Option target="Debug" />
		</Unit>
		<Unit filename="src/Shield.cpp">
			<Option target="Debug" />
		</Unit>
		<Unit filename="src/Ship.cpp">
			<Option target="Debug" />
		</Unit>
		<Unit filename="src/Shot.cpp">
			<Option target="Debug" />
		</Unit>
		<Unit filename="src/SpaceCombatState.cpp">
			<Option target="Debug" />
		</Unit>
		<Unit filename="src/State.cpp">
			<Option target="Debug" />
		</Unit>
		<Unit filename="src/StateMachine.cpp">
			<Option target="Debug" />
		</Unit>
		<Unit filename="src/TileMap.cpp">
			<Option target="Debug" />
		</Unit>
		<Unit filename="src/Visibility.cpp">
			<Option target="Debug" />
		</Unit>
		<Unit filename="src/WeaponEmplacement.cpp">
			<Option target="Debug" />
		</Unit>
		<Unit filename="src/WeaponSystem.cpp">
			<Option target="Debug" />
		</Unit>
		<Unit filename="src/WeaponSystemWithFeedback.cpp">
			<Option target="Debug" />
		</Unit>
		<Unit filename="src/main.cpp">
			<Option target="Debug" />
		</Unit>
		<Unit filename="src/neuralnetwork.cpp">
			<Option target="Debug" />
		</Unit>
		<Unit filename="src/neuron.cpp">
			<Option target="Debug" />
		</Unit>
		<Unit filename="src/sigmoid.cpp">
			<Option target="Debug" />
		</Unit>
		<Unit filename="src/stepneuron.cpp">
			<Option target="Debug" />
		</Unit>
		<Extensions>
			<code_completion />
			<envvars />
			<debugger />
		</Extensions>
	</Project>
</CodeBlocks_project_file>
